// !$*UTF8*$!
{
	archiveVersion = 1;
	classes = {
	};
	objectVersion = 46;
	objects = {

/* Begin PBXBuildFile section */
		5AB0BEE11EF3A2F300B5167D /* AppDelegate.swift in Sources */ = {isa = PBXBuildFile; fileRef = 5AB0BEE01EF3A2F300B5167D /* AppDelegate.swift */; };
		5AB0BEE31EF3A2F300B5167D /* ViewController.swift in Sources */ = {isa = PBXBuildFile; fileRef = 5AB0BEE21EF3A2F300B5167D /* ViewController.swift */; };
		5AB0BEE61EF3A2F300B5167D /* Main.storyboard in Resources */ = {isa = PBXBuildFile; fileRef = 5AB0BEE41EF3A2F300B5167D /* Main.storyboard */; };
		5AB0BEE81EF3A2F300B5167D /* Assets.xcassets in Resources */ = {isa = PBXBuildFile; fileRef = 5AB0BEE71EF3A2F300B5167D /* Assets.xcassets */; };
		5AB0BEEB1EF3A2F300B5167D /* LaunchScreen.storyboard in Resources */ = {isa = PBXBuildFile; fileRef = 5AB0BEE91EF3A2F300B5167D /* LaunchScreen.storyboard */; };
/* End PBXBuildFile section */

/* Begin PBXFileReference section */
		5AB0BEDD1EF3A2F300B5167D /* MidNightTheme.app */ = {isa = PBXFileReference; explicitFileType = wrapper.application; includeInIndex = 0; path = MidNightTheme.app; sourceTree = BUILT_PRODUCTS_DIR; };
		5AB0BEE01EF3A2F300B5167D /* AppDelegate.swift */ = {isa = PBXFileReference; lastKnownFileType = sourcecode.swift; path = AppDelegate.swift; sourceTree = "<group>"; };
		5AB0BEE21EF3A2F300B5167D /* ViewController.swift */ = {isa = PBXFileReference; lastKnownFileType = sourcecode.swift; path = ViewController.swift; sourceTree = "<group>"; };
		5AB0BEE51EF3A2F300B5167D /* Base */ = {isa = PBXFileReference; lastKnownFileType = file.storyboard; name = Base; path = Base.lproj/Main.storyboard; sourceTree = "<group>"; };
		5AB0BEE71EF3A2F300B5167D /* Assets.xcassets */ = {isa = PBXFileReference; lastKnownFileType = folder.assetcatalog; path = Assets.xcassets; sourceTree = "<group>"; };
		5AB0BEEA1EF3A2F300B5167D /* Base */ = {isa = PBXFileReference; lastKnownFileType = file.storyboard; name = Base; path = Base.lproj/LaunchScreen.storyboard; sourceTree = "<group>"; };
		5AB0BEEC1EF3A2F300B5167D /* Info.plist */ = {isa = PBXFileReference; lastKnownFileType = text.plist.xml; path = Info.plist; sourceTree = "<group>"; };
/* End PBXFileReference section */

/* Begin PBXFrameworksBuildPhase section */
		5AB0BEDA1EF3A2F300B5167D /* Frameworks */ = {
			isa = PBXFrameworksBuildPhase;
			buildActionMask = 2147483647;
			files = (
			);
			runOnlyForDeploymentPostprocessing = 0;
		};
/* End PBXFrameworksBuildPhase section */

/* Begin PBXGroup section */
		5AB0BED41EF3A2F300B5167D = {
			isa = PBXGroup;
			children = (
				5AB0BEDF1EF3A2F300B5167D /* MidNightTheme */,
				5AB0BEDE1EF3A2F300B5167D /* Products */,
			);
			sourceTree = "<group>";
		};
		5AB0BEDE1EF3A2F300B5167D /* Products */ = {
			isa = PBXGroup;
			children = (
				5AB0BEDD1EF3A2F300B5167D /* MidNightTheme.app */,
			);
			name = Products;
			sourceTree = "<group>";
		};
		5AB0BEDF1EF3A2F300B5167D /* MidNightTheme */ = {
			isa = PBXGroup;
			children = (
				5AB0BEE01EF3A2F300B5167D /* AppDelegate.swift */,
				5AB0BEE21EF3A2F300B5167D /* ViewController.swift */,
				5AB0BEE41EF3A2F300B5167D /* Main.storyboard */,
				5AB0BEE71EF3A2F300B5167D /* Assets.xcassets */,
				5AB0BEE91EF3A2F300B5167D /* LaunchScreen.storyboard */,
				5AB0BEEC1EF3A2F300B5167D /* Info.plist */,
			);
			path = MidNightTheme;
			sourceTree = "<group>";
		};
/* End PBXGroup section */

/* Begin PBXNativeTarget section */
		5AB0BEDC1EF3A2F300B5167D /* MidNightTheme */ = {
			isa = PBXNativeTarget;
			buildConfigurationList = 5AB0BEEF1EF3A2F300B5167D /* Build configuration list for PBXNativeTarget "MidNightTheme" */;
			buildPhases = (
				5AB0BED91EF3A2F300B5167D /* Sources */,
				5AB0BEDA1EF3A2F300B5167D /* Frameworks */,
				5AB0BEDB1EF3A2F300B5167D /* Resources */,
			);
			buildRules = (
			);
			dependencies = (
			);
			name = MidNightTheme;
			productName = MidNightTheme;
			productReference = 5AB0BEDD1EF3A2F300B5167D /* MidNightTheme.app */;
			productType = "com.apple.product-type.application";
		};
/* End PBXNativeTarget section */

/* Begin PBXProject section */
		5AB0BED51EF3A2F300B5167D /* Project object */ = {
			isa = PBXProject;
			attributes = {
				LastSwiftUpdateCheck = 0830;
				LastUpgradeCheck = 0830;
				ORGANIZATIONNAME = "bhumika dwivedi";
				TargetAttributes = {
					5AB0BEDC1EF3A2F300B5167D = {
						CreatedOnToolsVersion = 8.3.2;
						ProvisioningStyle = Automatic;
					};
				};
			};
			buildConfigurationList = 5AB0BED81EF3A2F300B5167D /* Build configuration list for PBXProject "MidNightTheme" */;
			compatibilityVersion = "Xcode 3.2";
			developmentRegion = English;
			hasScannedForEncodings = 0;
			knownRegions = (
				en,
				Base,
			);
			mainGroup = 5AB0BED41EF3A2F300B5167D;
			productRefGroup = 5AB0BEDE1EF3A2F300B5167D /* Products */;
			projectDirPath = "";
			projectRoot = "";
			targets = (
				5AB0BEDC1EF3A2F300B5167D /* MidNightTheme */,
			);
		};
/* End PBXProject section */

/* Begin PBXResourcesBuildPhase section */
		5AB0BEDB1EF3A2F300B5167D /* Resources */ = {
			isa = PBXResourcesBuildPhase;
			buildActionMask = 2147483647;
			files = (
				5AB0BEEB1EF3A2F300B5167D /* LaunchScreen.storyboard in Resources */,
				5AB0BEE81EF3A2F300B5167D /* Assets.xcassets in Resources */,
				5AB0BEE61EF3A2F300B5167D /* Main.storyboard in Resources */,
			);
			runOnlyForDeploymentPostprocessing = 0;
		};
/* End PBXResourcesBuildPhase section */

/* Begin PBXSourcesBuildPhase section */
		5AB0BED91EF3A2F300B5167D /* Sources */ = {
			isa = PBXSourcesBuildPhase;
			buildActionMask = 2147483647;
			files = (
				5AB0BEE31EF3A2F300B5167D /* ViewController.swift in Sources */,
				5AB0BEE11EF3A2F300B5167D /* AppDelegate.swift in Sources */,
			);
			runOnlyForDeploymentPostprocessing = 0;
		};
/* End PBXSourcesBuildPhase section */

/* Begin PBXVariantGroup section */
		5AB0BEE41EF3A2F300B5167D /* Main.storyboard */ = {
			isa = PBXVariantGroup;
			children = (
				5AB0BEE51EF3A2F300B5167D /* Base */,
			);
			name = Main.storyboard;
			sourceTree = "<group>";
		};
		5AB0BEE91EF3A2F300B5167D /* LaunchScreen.storyboard */ = {
			isa = PBXVariantGroup;
			children = (
				5AB0BEEA1EF3A2F300B5167D /* Base */,
			);
			name = LaunchScreen.storyboard;
			sourceTree = "<group>";
		};
/* End PBXVariantGroup section */

/* Begin XCBuildConfiguration section */
		5AB0BEED1EF3A2F300B5167D /* Debug */ = {
			isa = XCBuildConfiguration;
			buildSettings = {
				ALWAYS_SEARCH_USER_PATHS = NO;
				CLANG_ANALYZER_NONNULL = YES;
				CLANG_ANALYZER_NUMBER_OBJECT_CONVERSION = YES_AGGRESSIVE;
				CLANG_CXX_LANGUAGE_STANDARD = "gnu++0x";
				CLANG_CXX_LIBRARY = "libc++";
				CLANG_ENABLE_MODULES = YES;
				CLANG_ENABLE_OBJC_ARC = YES;
				CLANG_WARN_BOOL_CONVERSION = YES;
				CLANG_WARN_CONSTANT_CONVERSION = YES;
				CLANG_WARN_DIRECT_OBJC_ISA_USAGE = YES_ERROR;
				CLANG_WARN_DOCUMENTATION_COMMENTS = YES;
				CLANG_WARN_EMPTY_BODY = YES;
				CLANG_WARN_ENUM_CONVERSION = YES;
				CLANG_WARN_INFINITE_RECURSION = YES;
				CLANG_WARN_INT_CONVERSION = YES;
				CLANG_WARN_OBJC_ROOT_CLASS = YES_ERROR;
				CLANG_WARN_SUSPICIOUS_MOVE = YES;
				CLANG_WARN_UNREACHABLE_CODE = YES;
				CLANG_WARN__DUPLICATE_METHOD_MATCH = YES;
				"CODE_SIGN_IDENTITY[sdk=iphoneos*]" = "iPhone Developer";
				COPY_PHASE_STRIP = NO;
				DEBUG_INFORMATION_FORMAT = dwarf;
				ENABLE_STRICT_OBJC_MSGSEND = YES;
				ENABLE_TESTABILITY = YES;
				GCC_C_LANGUAGE_STANDARD = gnu99;
				GCC_DYNAMIC_NO_PIC = NO;
				GCC_NO_COMMON_BLOCKS = YES;
				GCC_OPTIMIZATION_LEVEL = 0;
				GCC_PREPROCESSOR_DEFINITIONS = (
					"DEBUG=1",
					"$(inherited)",
				);
				GCC_WARN_64_TO_32_BIT_CONVERSION = YES;
				GCC_WARN_ABOUT_RETURN_TYPE = YES_ERROR;
				GCC_WARN_UNDECLARED_SELECTOR = YES;
				GCC_WARN_UNINITIALIZED_AUTOS = YES_AGGRESSIVE;
				GCC_WARN_UNUSED_FUNCTION = YES;
				GCC_WARN_UNUSED_VARIABLE = YES;
				IPHONEOS_DEPLOYMENT_TARGET = 10.3;
				MTL_ENABLE_DEBUG_INFO = YES;
				ONLY_ACTIVE_ARCH = YES;
				SDKROOT = iphoneos;
				SWIFT_ACTIVE_COMPILATION_CONDITIONS = DEBUG;
				SWIFT_OPTIMIZATION_LEVEL = "-Onone";
				TARGETED_DEVICE_FAMILY = "1,2";
			};
			name = Debug;
		};
		5AB0BEEE1EF3A2F300B5167D /* Release */ = {
			isa = XCBuildConfiguration;
			buildSettings = {
				ALWAYS_SEARCH_USER_PATHS = NO;
				CLANG_ANALYZER_NONNULL = YES;
				CLANG_ANALYZER_NUMBER_OBJECT_CONVERSION = YES_AGGRESSIVE;
				CLANG_CXX_LANGUAGE_STANDARD = "gnu++0x";
				CLANG_CXX_LIBRARY = "libc++";
				CLANG_ENABLE_MODULES = YES;
				CLANG_ENABLE_OBJC_ARC = YES;
				CLANG_WARN_BOOL_CONVERSION = YES;
				CLANG_WARN_CONSTANT_CONVERSION = YES;
				CLANG_WARN_DIRECT_OBJC_ISA_USAGE = YES_ERROR;
				CLANG_WARN_DOCUMENTATION_COMMENTS = YES;
				CLANG_WARN_EMPTY_BODY = YES;
				CLANG_WARN_ENUM_CONVERSION = YES;
				CLANG_WARN_INFINITE_RECURSION = YES;
				CLANG_WARN_INT_CONVERSION = YES;
				CLANG_WARN_OBJC_ROOT_CLASS = YES_ERROR;
				CLANG_WARN_SUSPICIOUS_MOVE = YES;
				CLANG_WARN_UNREACHABLE_CODE = YES;
				CLANG_WARN__DUPLICATE_METHOD_MATCH = YES;
				"CODE_SIGN_IDENTITY[sdk=iphoneos*]" = "iPhone Developer";
				COPY_PHASE_STRIP = NO;
				DEBUG_INFORMATION_FORMAT = "dwarf-with-dsym";
				ENABLE_NS_ASSERTIONS = NO;
				ENABLE_STRICT_OBJC_MSGSEND = YES;
				GCC_C_LANGUAGE_STANDARD = gnu99;
				GCC_NO_COMMON_BLOCKS = YES;
				GCC_WARN_64_TO_32_BIT_CONVERSION = YES;
				GCC_WARN_ABOUT_RETURN_TYPE = YES_ERROR;
				GCC_WARN_UNDECLARED_SELECTOR = YES;
				GCC_WARN_UNINITIALIZED_AUTOS = YES_AGGRESSIVE;
				GCC_WARN_UNUSED_FUNCTION = YES;
				GCC_WARN_UNUSED_VARIABLE = YES;
				IPHONEOS_DEPLOYMENT_TARGET = 10.3;
				MTL_ENABLE_DEBUG_INFO = NO;
				SDKROOT = iphoneos;
				SWIFT_OPTIMIZATION_LEVEL = "-Owholemodule";
				TARGETED_DEVICE_FAMILY = "1,2";
				VALIDATE_PRODUCT = YES;
			};
			name = Release;
		};
		5AB0BEF01EF3A2F300B5167D /* Debug */ = {
			isa = XCBuildConfiguration;
			buildSettings = {
				ASSETCATALOG_COMPILER_APPICON_NAME = AppIcon;
				INFOPLIST_FILE = MidNightTheme/Info.plist;
				LD_RUNPATH_SEARCH_PATHS = "$(inherited) @executable_path/Frameworks";
				PRODUCT_BUNDLE_IDENTIFIER = "dwivedi-Bhooms.MidNightTheme";
				PRODUCT_NAME = "$(TARGET_NAME)";
				SWIFT_VERSION = 3.0;
			};
			name = Debug;
		};
		5AB0BEF11EF3A2F300B5167D /* Release */ = {
			isa = XCBuildConfiguration;
			buildSettings = {
				ASSETCATALOG_COMPILER_APPICON_NAME = AppIcon;
				INFOPLIST_FILE = MidNightTheme/Info.plist;
				LD_RUNPATH_SEARCH_PATHS = "$(inherited) @executable_path/Frameworks";
				PRODUCT_BUNDLE_IDENTIFIER = "dwivedi-Bhooms.MidNightTheme";
				PRODUCT_NAME = "$(TARGET_NAME)";
				SWIFT_VERSION = 3.0;
			};
			name = Release;
		};
/* End XCBuildConfiguration section */

/* Begin XCConfigurationList section */
		5AB0BED81EF3A2F300B5167D /* Build configuration list for PBXProject "MidNightTheme" */ = {
			isa = XCConfigurationList;
			buildConfigurations = (
				5AB0BEED1EF3A2F300B5167D /* Debug */,
				5AB0BEEE1EF3A2F300B5167D /* Release */,
			);
			defaultConfigurationIsVisible = 0;
			defaultConfigurationName = Release;
		};
		5AB0BEEF1EF3A2F300B5167D /* Build configuration list for PBXNativeTarget "MidNightTheme" */ = {
			isa = XCConfigurationList;
			buildConfigurations = (
				5AB0BEF01EF3A2F300B5167D /* Debug */,
				5AB0BEF11EF3A2F300B5167D /* Release */,
			);
			defaultConfigurationIsVisible = 0;
		};
/* End XCConfigurationList section */
	};
	rootObject = 5AB0BED51EF3A2F300B5167D /* Project object */;
}
