// !$*UTF8*$!
{
	archiveVersion = 1;
	classes = {
	};
	objectVersion = 46;
	objects = {

/* Begin PBXBuildFile section */
		5A655D301EF6388700E693BA /* AppDelegate.swift in Sources */ = {isa = PBXBuildFile; fileRef = 5A655D2F1EF6388700E693BA /* AppDelegate.swift */; };
		5A655D321EF6388700E693BA /* ViewController.swift in Sources */ = {isa = PBXBuildFile; fileRef = 5A655D311EF6388700E693BA /* ViewController.swift */; };
		5A655D351EF6388700E693BA /* Main.storyboard in Resources */ = {isa = PBXBuildFile; fileRef = 5A655D331EF6388700E693BA /* Main.storyboard */; };
		5A655D371EF6388700E693BA /* Assets.xcassets in Resources */ = {isa = PBXBuildFile; fileRef = 5A655D361EF6388700E693BA /* Assets.xcassets */; };
		5A655D3A1EF6388700E693BA /* LaunchScreen.storyboard in Resources */ = {isa = PBXBuildFile; fileRef = 5A655D381EF6388700E693BA /* LaunchScreen.storyboard */; };
/* End PBXBuildFile section */

/* Begin PBXFileReference section */
		5A655D2C1EF6388700E693BA /* PickYourPitch.app */ = {isa = PBXFileReference; explicitFileType = wrapper.application; includeInIndex = 0; path = PickYourPitch.app; sourceTree = BUILT_PRODUCTS_DIR; };
		5A655D2F1EF6388700E693BA /* AppDelegate.swift */ = {isa = PBXFileReference; lastKnownFileType = sourcecode.swift; path = AppDelegate.swift; sourceTree = "<group>"; };
		5A655D311EF6388700E693BA /* ViewController.swift */ = {isa = PBXFileReference; lastKnownFileType = sourcecode.swift; path = ViewController.swift; sourceTree = "<group>"; };
		5A655D341EF6388700E693BA /* Base */ = {isa = PBXFileReference; lastKnownFileType = file.storyboard; name = Base; path = Base.lproj/Main.storyboard; sourceTree = "<group>"; };
		5A655D361EF6388700E693BA /* Assets.xcassets */ = {isa = PBXFileReference; lastKnownFileType = folder.assetcatalog; path = Assets.xcassets; sourceTree = "<group>"; };
		5A655D391EF6388700E693BA /* Base */ = {isa = PBXFileReference; lastKnownFileType = file.storyboard; name = Base; path = Base.lproj/LaunchScreen.storyboard; sourceTree = "<group>"; };
		5A655D3B1EF6388700E693BA /* Info.plist */ = {isa = PBXFileReference; lastKnownFileType = text.plist.xml; path = Info.plist; sourceTree = "<group>"; };
/* End PBXFileReference section */

/* Begin PBXFrameworksBuildPhase section */
		5A655D291EF6388700E693BA /* Frameworks */ = {
			isa = PBXFrameworksBuildPhase;
			buildActionMask = 2147483647;
			files = (
			);
			runOnlyForDeploymentPostprocessing = 0;
		};
/* End PBXFrameworksBuildPhase section */

/* Begin PBXGroup section */
		5A655D231EF6388700E693BA = {
			isa = PBXGroup;
			children = (
				5A655D2E1EF6388700E693BA /* PickYourPitch */,
				5A655D2D1EF6388700E693BA /* Products */,
			);
			sourceTree = "<group>";
		};
		5A655D2D1EF6388700E693BA /* Products */ = {
			isa = PBXGroup;
			children = (
				5A655D2C1EF6388700E693BA /* PickYourPitch.app */,
			);
			name = Products;
			sourceTree = "<group>";
		};
		5A655D2E1EF6388700E693BA /* PickYourPitch */ = {
			isa = PBXGroup;
			children = (
				5A655D2F1EF6388700E693BA /* AppDelegate.swift */,
				5A655D311EF6388700E693BA /* ViewController.swift */,
				5A655D331EF6388700E693BA /* Main.storyboard */,
				5A655D361EF6388700E693BA /* Assets.xcassets */,
				5A655D381EF6388700E693BA /* LaunchScreen.storyboard */,
				5A655D3B1EF6388700E693BA /* Info.plist */,
			);
			path = PickYourPitch;
			sourceTree = "<group>";
		};
/* End PBXGroup section */

/* Begin PBXNativeTarget section */
		5A655D2B1EF6388700E693BA /* PickYourPitch */ = {
			isa = PBXNativeTarget;
			buildConfigurationList = 5A655D3E1EF6388700E693BA /* Build configuration list for PBXNativeTarget "PickYourPitch" */;
			buildPhases = (
				5A655D281EF6388700E693BA /* Sources */,
				5A655D291EF6388700E693BA /* Frameworks */,
				5A655D2A1EF6388700E693BA /* Resources */,
			);
			buildRules = (
			);
			dependencies = (
			);
			name = PickYourPitch;
			productName = PickYourPitch;
			productReference = 5A655D2C1EF6388700E693BA /* PickYourPitch.app */;
			productType = "com.apple.product-type.application";
		};
/* End PBXNativeTarget section */

/* Begin PBXProject section */
		5A655D241EF6388700E693BA /* Project object */ = {
			isa = PBXProject;
			attributes = {
				LastSwiftUpdateCheck = 0830;
				LastUpgradeCheck = 0830;
				ORGANIZATIONNAME = "bhumika dwivedi";
				TargetAttributes = {
					5A655D2B1EF6388700E693BA = {
						CreatedOnToolsVersion = 8.3.2;
						ProvisioningStyle = Automatic;
					};
				};
			};
			buildConfigurationList = 5A655D271EF6388700E693BA /* Build configuration list for PBXProject "PickYourPitch" */;
			compatibilityVersion = "Xcode 3.2";
			developmentRegion = English;
			hasScannedForEncodings = 0;
			knownRegions = (
				en,
				Base,
			);
			mainGroup = 5A655D231EF6388700E693BA;
			productRefGroup = 5A655D2D1EF6388700E693BA /* Products */;
			projectDirPath = "";
			projectRoot = "";
			targets = (
				5A655D2B1EF6388700E693BA /* PickYourPitch */,
			);
		};
/* End PBXProject section */

/* Begin PBXResourcesBuildPhase section */
		5A655D2A1EF6388700E693BA /* Resources */ = {
			isa = PBXResourcesBuildPhase;
			buildActionMask = 2147483647;
			files = (
				5A655D3A1EF6388700E693BA /* LaunchScreen.storyboard in Resources */,
				5A655D371EF6388700E693BA /* Assets.xcassets in Resources */,
				5A655D351EF6388700E693BA /* Main.storyboard in Resources */,
			);
			runOnlyForDeploymentPostprocessing = 0;
		};
/* End PBXResourcesBuildPhase section */

/* Begin PBXSourcesBuildPhase section */
		5A655D281EF6388700E693BA /* Sources */ = {
			isa = PBXSourcesBuildPhase;
			buildActionMask = 2147483647;
			files = (
				5A655D321EF6388700E693BA /* ViewController.swift in Sources */,
				5A655D301EF6388700E693BA /* AppDelegate.swift in Sources */,
			);
			runOnlyForDeploymentPostprocessing = 0;
		};
/* End PBXSourcesBuildPhase section */

/* Begin PBXVariantGroup section */
		5A655D331EF6388700E693BA /* Main.storyboard */ = {
			isa = PBXVariantGroup;
			children = (
				5A655D341EF6388700E693BA /* Base */,
			);
			name = Main.storyboard;
			sourceTree = "<group>";
		};
		5A655D381EF6388700E693BA /* LaunchScreen.storyboard */ = {
			isa = PBXVariantGroup;
			children = (
				5A655D391EF6388700E693BA /* Base */,
			);
			name = LaunchScreen.storyboard;
			sourceTree = "<group>";
		};
/* End PBXVariantGroup section */

/* Begin XCBuildConfiguration section */
		5A655D3C1EF6388700E693BA /* Debug */ = {
			isa = XCBuildConfiguration;
			buildSettings = {
				ALWAYS_SEARCH_USER_PATHS = NO;
				CLANG_ANALYZER_NONNULL = YES;
				CLANG_ANALYZER_NUMBER_OBJECT_CONVERSION = YES_AGGRESSIVE;
				CLANG_CXX_LANGUAGE_STANDARD = "gnu++0x";
				CLANG_CXX_LIBRARY = "libc++";
				CLANG_ENABLE_MODULES = YES;
				CLANG_ENABLE_OBJC_ARC = YES;
				CLANG_WARN_BOOL_CONVERSION = YES;
				CLANG_WARN_CONSTANT_CONVERSION = YES;
				CLANG_WARN_DIRECT_OBJC_ISA_USAGE = YES_ERROR;
				CLANG_WARN_DOCUMENTATION_COMMENTS = YES;
				CLANG_WARN_EMPTY_BODY = YES;
				CLANG_WARN_ENUM_CONVERSION = YES;
				CLANG_WARN_INFINITE_RECURSION = YES;
				CLANG_WARN_INT_CONVERSION = YES;
				CLANG_WARN_OBJC_ROOT_CLASS = YES_ERROR;
				CLANG_WARN_SUSPICIOUS_MOVE = YES;
				CLANG_WARN_UNREACHABLE_CODE = YES;
				CLANG_WARN__DUPLICATE_METHOD_MATCH = YES;
				"CODE_SIGN_IDENTITY[sdk=iphoneos*]" = "iPhone Developer";
				COPY_PHASE_STRIP = NO;
				DEBUG_INFORMATION_FORMAT = dwarf;
				ENABLE_STRICT_OBJC_MSGSEND = YES;
				ENABLE_TESTABILITY = YES;
				GCC_C_LANGUAGE_STANDARD = gnu99;
				GCC_DYNAMIC_NO_PIC = NO;
				GCC_NO_COMMON_BLOCKS = YES;
				GCC_OPTIMIZATION_LEVEL = 0;
				GCC_PREPROCESSOR_DEFINITIONS = (
					"DEBUG=1",
					"$(inherited)",
				);
				GCC_WARN_64_TO_32_BIT_CONVERSION = YES;
				GCC_WARN_ABOUT_RETURN_TYPE = YES_ERROR;
				GCC_WARN_UNDECLARED_SELECTOR = YES;
				GCC_WARN_UNINITIALIZED_AUTOS = YES_AGGRESSIVE;
				GCC_WARN_UNUSED_FUNCTION = YES;
				GCC_WARN_UNUSED_VARIABLE = YES;
				IPHONEOS_DEPLOYMENT_TARGET = 10.3;
				MTL_ENABLE_DEBUG_INFO = YES;
				ONLY_ACTIVE_ARCH = YES;
				SDKROOT = iphoneos;
				SWIFT_ACTIVE_COMPILATION_CONDITIONS = DEBUG;
				SWIFT_OPTIMIZATION_LEVEL = "-Onone";
				TARGETED_DEVICE_FAMILY = "1,2";
			};
			name = Debug;
		};
		5A655D3D1EF6388700E693BA /* Release */ = {
			isa = XCBuildConfiguration;
			buildSettings = {
				ALWAYS_SEARCH_USER_PATHS = NO;
				CLANG_ANALYZER_NONNULL = YES;
				CLANG_ANALYZER_NUMBER_OBJECT_CONVERSION = YES_AGGRESSIVE;
				CLANG_CXX_LANGUAGE_STANDARD = "gnu++0x";
				CLANG_CXX_LIBRARY = "libc++";
				CLANG_ENABLE_MODULES = YES;
				CLANG_ENABLE_OBJC_ARC = YES;
				CLANG_WARN_BOOL_CONVERSION = YES;
				CLANG_WARN_CONSTANT_CONVERSION = YES;
				CLANG_WARN_DIRECT_OBJC_ISA_USAGE = YES_ERROR;
				CLANG_WARN_DOCUMENTATION_COMMENTS = YES;
				CLANG_WARN_EMPTY_BODY = YES;
				CLANG_WARN_ENUM_CONVERSION = YES;
				CLANG_WARN_INFINITE_RECURSION = YES;
				CLANG_WARN_INT_CONVERSION = YES;
				CLANG_WARN_OBJC_ROOT_CLASS = YES_ERROR;
				CLANG_WARN_SUSPICIOUS_MOVE = YES;
				CLANG_WARN_UNREACHABLE_CODE = YES;
				CLANG_WARN__DUPLICATE_METHOD_MATCH = YES;
				"CODE_SIGN_IDENTITY[sdk=iphoneos*]" = "iPhone Developer";
				COPY_PHASE_STRIP = NO;
				DEBUG_INFORMATION_FORMAT = "dwarf-with-dsym";
				ENABLE_NS_ASSERTIONS = NO;
				ENABLE_STRICT_OBJC_MSGSEND = YES;
				GCC_C_LANGUAGE_STANDARD = gnu99;
				GCC_NO_COMMON_BLOCKS = YES;
				GCC_WARN_64_TO_32_BIT_CONVERSION = YES;
				GCC_WARN_ABOUT_RETURN_TYPE = YES_ERROR;
				GCC_WARN_UNDECLARED_SELECTOR = YES;
				GCC_WARN_UNINITIALIZED_AUTOS = YES_AGGRESSIVE;
				GCC_WARN_UNUSED_FUNCTION = YES;
				GCC_WARN_UNUSED_VARIABLE = YES;
				IPHONEOS_DEPLOYMENT_TARGET = 10.3;
				MTL_ENABLE_DEBUG_INFO = NO;
				SDKROOT = iphoneos;
				SWIFT_OPTIMIZATION_LEVEL = "-Owholemodule";
				TARGETED_DEVICE_FAMILY = "1,2";
				VALIDATE_PRODUCT = YES;
			};
			name = Release;
		};
		5A655D3F1EF6388700E693BA /* Debug */ = {
			isa = XCBuildConfiguration;
			buildSettings = {
				ASSETCATALOG_COMPILER_APPICON_NAME = AppIcon;
				INFOPLIST_FILE = PickYourPitch/Info.plist;
				LD_RUNPATH_SEARCH_PATHS = "$(inherited) @executable_path/Frameworks";
				PRODUCT_BUNDLE_IDENTIFIER = "dwivedi-Bhooms.PickYourPitch";
				PRODUCT_NAME = "$(TARGET_NAME)";
				SWIFT_VERSION = 3.0;
			};
			name = Debug;
		};
		5A655D401EF6388700E693BA /* Release */ = {
			isa = XCBuildConfiguration;
			buildSettings = {
				ASSETCATALOG_COMPILER_APPICON_NAME = AppIcon;
				INFOPLIST_FILE = PickYourPitch/Info.plist;
				LD_RUNPATH_SEARCH_PATHS = "$(inherited) @executable_path/Frameworks";
				PRODUCT_BUNDLE_IDENTIFIER = "dwivedi-Bhooms.PickYourPitch";
				PRODUCT_NAME = "$(TARGET_NAME)";
				SWIFT_VERSION = 3.0;
			};
			name = Release;
		};
/* End XCBuildConfiguration section */

/* Begin XCConfigurationList section */
		5A655D271EF6388700E693BA /* Build configuration list for PBXProject "PickYourPitch" */ = {
			isa = XCConfigurationList;
			buildConfigurations = (
				5A655D3C1EF6388700E693BA /* Debug */,
				5A655D3D1EF6388700E693BA /* Release */,
			);
			defaultConfigurationIsVisible = 0;
			defaultConfigurationName = Release;
		};
		5A655D3E1EF6388700E693BA /* Build configuration list for PBXNativeTarget "PickYourPitch" */ = {
			isa = XCConfigurationList;
			buildConfigurations = (
				5A655D3F1EF6388700E693BA /* Debug */,
				5A655D401EF6388700E693BA /* Release */,
			);
			defaultConfigurationIsVisible = 0;
		};
/* End XCConfigurationList section */
	};
	rootObject = 5A655D241EF6388700E693BA /* Project object */;
}
